
Microsoft Visual Studio Solution File, Format Version 12.00
# Visual Studio 2013
Project("{FAE04EC0-301F-11D3-BF4B-00C04F79EFBC}") = "CustomlearnAssetBundle.CSharp", "CustomlearnAssetBundle.CSharp.csproj", "{043348AB-0F96-71F8-BED8-4CEA6722F62E}"
EndProject
Project("{FAE04EC0-301F-11D3-BF4B-00C04F79EFBC}") = "CustomlearnAssetBundle.CSharp.Editor", "CustomlearnAssetBundle.CSharp.Editor.csproj", "{662B4D90-93DB-F37E-CABA-E285D8BC8B74}"
EndProject
Global
	GlobalSection(SolutionConfigurationPlatforms) = preSolution
		Debug|Any CPU = Debug|Any CPU
		Release|Any CPU = Release|Any CPU
	EndGlobalSection
	GlobalSection(ProjectConfigurationPlatforms) = postSolution
		{043348AB-0F96-71F8-BED8-4CEA6722F62E}.Debug|Any CPU.ActiveCfg = Debug|Any CPU
		{043348AB-0F96-71F8-BED8-4CEA6722F62E}.Debug|Any CPU.Build.0 = Debug|Any CPU
		{043348AB-0F96-71F8-BED8-4CEA6722F62E}.Release|Any CPU.ActiveCfg = Release|Any CPU
		{043348AB-0F96-71F8-BED8-4CEA6722F62E}.Release|Any CPU.Build.0 = Release|Any CPU
		{662B4D90-93DB-F37E-CABA-E285D8BC8B74}.Debug|Any CPU.ActiveCfg = Debug|Any CPU
		{662B4D90-93DB-F37E-CABA-E285D8BC8B74}.Debug|Any CPU.Build.0 = Debug|Any CPU
		{662B4D90-93DB-F37E-CABA-E285D8BC8B74}.Release|Any CPU.ActiveCfg = Release|Any CPU
		{662B4D90-93DB-F37E-CABA-E285D8BC8B74}.Release|Any CPU.Build.0 = Release|Any CPU
	EndGlobalSection
	GlobalSection(SolutionProperties) = preSolution
		HideSolutionNode = FALSE
	EndGlobalSection
EndGlobal
