
Microsoft Visual Studio Solution File, Format Version 12.00
# Visual Studio 15
Project("{FAE04EC0-301F-11D3-BF4B-00C04F79EFBC}") = "Assembly-CSharp", "Assembly-CSharp.csproj", "{25DC4958-0078-7F81-E761-D924BD3634E8}"
EndProject
Project("{FAE04EC0-301F-11D3-BF4B-00C04F79EFBC}") = "Assembly-CSharp-Editor", "Assembly-CSharp-Editor.csproj", "{919CEB0A-F2A1-40EF-5D34-3D09C34E1B54}"
EndProject
Global
	GlobalSection(SolutionConfigurationPlatforms) = preSolution
		Debug|Any CPU = Debug|Any CPU
		Release|Any CPU = Release|Any CPU
	EndGlobalSection
	GlobalSection(ProjectConfigurationPlatforms) = postSolution
		{25DC4958-0078-7F81-E761-D924BD3634E8}.Debug|Any CPU.ActiveCfg = Debug|Any CPU
		{25DC4958-0078-7F81-E761-D924BD3634E8}.Debug|Any CPU.Build.0 = Debug|Any CPU
		{25DC4958-0078-7F81-E761-D924BD3634E8}.Release|Any CPU.ActiveCfg = Release|Any CPU
		{25DC4958-0078-7F81-E761-D924BD3634E8}.Release|Any CPU.Build.0 = Release|Any CPU
		{919CEB0A-F2A1-40EF-5D34-3D09C34E1B54}.Debug|Any CPU.ActiveCfg = Debug|Any CPU
		{919CEB0A-F2A1-40EF-5D34-3D09C34E1B54}.Debug|Any CPU.Build.0 = Debug|Any CPU
		{919CEB0A-F2A1-40EF-5D34-3D09C34E1B54}.Release|Any CPU.ActiveCfg = Release|Any CPU
		{919CEB0A-F2A1-40EF-5D34-3D09C34E1B54}.Release|Any CPU.Build.0 = Release|Any CPU
	EndGlobalSection
	GlobalSection(SolutionProperties) = preSolution
		HideSolutionNode = FALSE
	EndGlobalSection
EndGlobal
