
Microsoft Visual Studio Solution File, Format Version 12.00
# Visual Studio 16
Project("{FAE04EC0-301F-11D3-BF4B-00C04F79EFBC}") = "Assembly-CSharp", "Assembly-CSharp.csproj", "{D6CE11E1-CB18-1E35-6523-7423E3A56B15}"
EndProject
Project("{FAE04EC0-301F-11D3-BF4B-00C04F79EFBC}") = "Assembly-CSharp-Editor", "Assembly-CSharp-Editor.csproj", "{57B26BE3-BC16-55CE-38F2-C1BFEED05836}"
EndProject
Global
	GlobalSection(SolutionConfigurationPlatforms) = preSolution
		Debug|Any CPU = Debug|Any CPU
		Release|Any CPU = Release|Any CPU
	EndGlobalSection
	GlobalSection(ProjectConfigurationPlatforms) = postSolution
		{D6CE11E1-CB18-1E35-6523-7423E3A56B15}.Debug|Any CPU.ActiveCfg = Debug|Any CPU
		{D6CE11E1-CB18-1E35-6523-7423E3A56B15}.Debug|Any CPU.Build.0 = Debug|Any CPU
		{D6CE11E1-CB18-1E35-6523-7423E3A56B15}.Release|Any CPU.ActiveCfg = Release|Any CPU
		{D6CE11E1-CB18-1E35-6523-7423E3A56B15}.Release|Any CPU.Build.0 = Release|Any CPU
		{57B26BE3-BC16-55CE-38F2-C1BFEED05836}.Debug|Any CPU.ActiveCfg = Debug|Any CPU
		{57B26BE3-BC16-55CE-38F2-C1BFEED05836}.Debug|Any CPU.Build.0 = Debug|Any CPU
		{57B26BE3-BC16-55CE-38F2-C1BFEED05836}.Release|Any CPU.ActiveCfg = Release|Any CPU
		{57B26BE3-BC16-55CE-38F2-C1BFEED05836}.Release|Any CPU.Build.0 = Release|Any CPU
	EndGlobalSection
	GlobalSection(SolutionProperties) = preSolution
		HideSolutionNode = FALSE
	EndGlobalSection
EndGlobal
