
Microsoft Visual Studio Solution File, Format Version 12.00
# Visual Studio 2013
Project("{FAE04EC0-301F-11D3-BF4B-00C04F79EFBC}") = "EasyTouch.CSharp", "EasyTouch.CSharp.csproj", "{46ED22C3-2D5A-3FFC-CB18-A7E0153C53A6}"
EndProject
Project("{FAE04EC0-301F-11D3-BF4B-00C04F79EFBC}") = "EasyTouch.CSharp.Editor", "EasyTouch.CSharp.Editor.csproj", "{640B70C3-F9B0-61B0-6258-53F012B7B8EF}"
EndProject
Global
	GlobalSection(SolutionConfigurationPlatforms) = preSolution
		Debug|Any CPU = Debug|Any CPU
		Release|Any CPU = Release|Any CPU
	EndGlobalSection
	GlobalSection(ProjectConfigurationPlatforms) = postSolution
		{46ED22C3-2D5A-3FFC-CB18-A7E0153C53A6}.Debug|Any CPU.ActiveCfg = Debug|Any CPU
		{46ED22C3-2D5A-3FFC-CB18-A7E0153C53A6}.Debug|Any CPU.Build.0 = Debug|Any CPU
		{46ED22C3-2D5A-3FFC-CB18-A7E0153C53A6}.Release|Any CPU.ActiveCfg = Release|Any CPU
		{46ED22C3-2D5A-3FFC-CB18-A7E0153C53A6}.Release|Any CPU.Build.0 = Release|Any CPU
		{640B70C3-F9B0-61B0-6258-53F012B7B8EF}.Debug|Any CPU.ActiveCfg = Debug|Any CPU
		{640B70C3-F9B0-61B0-6258-53F012B7B8EF}.Debug|Any CPU.Build.0 = Debug|Any CPU
		{640B70C3-F9B0-61B0-6258-53F012B7B8EF}.Release|Any CPU.ActiveCfg = Release|Any CPU
		{640B70C3-F9B0-61B0-6258-53F012B7B8EF}.Release|Any CPU.Build.0 = Release|Any CPU
	EndGlobalSection
	GlobalSection(SolutionProperties) = preSolution
		HideSolutionNode = FALSE
	EndGlobalSection
EndGlobal
