
Microsoft Visual Studio Solution File, Format Version 11.00
# Visual Studio 2010
Project("{FAE04EC0-301F-11D3-BF4B-00C04F79EFBC}") = "Assembly-CSharp", "Assembly-CSharp.csproj", "{86b07a03-d3ac-fcd2-1afe-9f2a549d54dc}"
EndProject
Project("{FAE04EC0-301F-11D3-BF4B-00C04F79EFBC}") = "Assembly-CSharp-Editor", "Assembly-CSharp-Editor.csproj", "{d20d79c2-3032-d5b6-eab7-2abd8ab542b6}"
EndProject
Global
	GlobalSection(SolutionConfigurationPlatforms) = preSolution
		Debug|Any CPU = Debug|Any CPU
		Release|Any CPU = Release|Any CPU
	EndGlobalSection
	GlobalSection(ProjectConfigurationPlatforms) = postSolution
		{86b07a03-d3ac-fcd2-1afe-9f2a549d54dc}.Debug|Any CPU.ActiveCfg = Debug|Any CPU
		{86b07a03-d3ac-fcd2-1afe-9f2a549d54dc}.Debug|Any CPU.Build.0 = Debug|Any CPU
		{86b07a03-d3ac-fcd2-1afe-9f2a549d54dc}.Release|Any CPU.ActiveCfg = Release|Any CPU
		{86b07a03-d3ac-fcd2-1afe-9f2a549d54dc}.Release|Any CPU.Build.0 = Release|Any CPU
		{d20d79c2-3032-d5b6-eab7-2abd8ab542b6}.Debug|Any CPU.ActiveCfg = Debug|Any CPU
		{d20d79c2-3032-d5b6-eab7-2abd8ab542b6}.Debug|Any CPU.Build.0 = Debug|Any CPU
		{d20d79c2-3032-d5b6-eab7-2abd8ab542b6}.Release|Any CPU.ActiveCfg = Release|Any CPU
		{d20d79c2-3032-d5b6-eab7-2abd8ab542b6}.Release|Any CPU.Build.0 = Release|Any CPU
	EndGlobalSection
	GlobalSection(SolutionProperties) = preSolution
		HideSolutionNode = FALSE
	EndGlobalSection
EndGlobal
