
Microsoft Visual Studio Solution File, Format Version 12.00
# Visual Studio Version 16
VisualStudioVersion = 16.0.29411.108
MinimumVisualStudioVersion = 10.0.40219.1
Project("{2150E333-8FDC-42A3-9474-1A3956D46DE8}") = "Chapter1", "Chapter1", "{CF0E0E67-DCAD-4CD8-93E7-B2138E7D6E1D}"
EndProject
Project("{2150E333-8FDC-42A3-9474-1A3956D46DE8}") = "Chapter2", "Chapter2", "{6B787275-FCE2-414E-8997-9EB55A789DDD}"
EndProject
Project("{FAE04EC0-301F-11D3-BF4B-00C04F79EFBC}") = "Recipe1", "Chapter1\Recipe1\Recipe1.csproj", "{19D3AA25-0FCD-4F38-9AE4-A43D60210B9F}"
EndProject
Project("{FAE04EC0-301F-11D3-BF4B-00C04F79EFBC}") = "Recipe2", "Chapter1\Recipe2\Recipe2.csproj", "{10AC29F2-86C6-4C08-B8F4-BF599CF8B635}"
EndProject
Project("{FAE04EC0-301F-11D3-BF4B-00C04F79EFBC}") = "Recipe3", "Chapter1\Recipe3\Recipe3.csproj", "{65F6FE8B-D72A-43F5-B8AC-C0541124643D}"
EndProject
Project("{FAE04EC0-301F-11D3-BF4B-00C04F79EFBC}") = "Recipe4", "Chapter1\Recipe4\Recipe4.csproj", "{1D2730CA-27FA-49C5-9B7F-AB95EF08AB69}"
EndProject
Project("{FAE04EC0-301F-11D3-BF4B-00C04F79EFBC}") = "Recipe5", "Chapter1\Recipe5\Recipe5.csproj", "{9D3C3657-E2D0-468B-9425-6AA4E5FA0758}"
EndProject
Project("{FAE04EC0-301F-11D3-BF4B-00C04F79EFBC}") = "Recipe6", "Chapter1\Recipe6\Recipe6.csproj", "{D0B44411-22C1-4E21-B0C3-599A269B4BB8}"
EndProject
Project("{FAE04EC0-301F-11D3-BF4B-00C04F79EFBC}") = "Recipe7", "Chapter1\Recipe7\Recipe7.csproj", "{CDA0C200-3F89-4250-92F8-C2CF5FE92F1D}"
EndProject
Project("{FAE04EC0-301F-11D3-BF4B-00C04F79EFBC}") = "Recipe8", "Chapter1\Recipe8\Recipe8.csproj", "{BDA44D84-C658-42BD-9656-B5D890093DC7}"
EndProject
Project("{FAE04EC0-301F-11D3-BF4B-00C04F79EFBC}") = "Recipe9", "Chapter1\Recipe9\Recipe9.csproj", "{880C32CE-1600-4E6F-B571-ED662A77CC5A}"
EndProject
Project("{FAE04EC0-301F-11D3-BF4B-00C04F79EFBC}") = "Recipe10", "Chapter1\Recipe10\Recipe10.csproj", "{A2CD1892-E639-4FC5-94F6-3BF36080538D}"
EndProject
Project("{FAE04EC0-301F-11D3-BF4B-00C04F79EFBC}") = "Recipe11", "Chapter1\Recipe11\Recipe11.csproj", "{5B0CAF50-7989-499B-908E-451F17EECA20}"
EndProject
Project("{FAE04EC0-301F-11D3-BF4B-00C04F79EFBC}") = "Recipe1", "Chapter2\Recipe1\Recipe1.csproj", "{C88B72C5-82FC-43D9-8563-43F8EDA23F29}"
EndProject
Project("{FAE04EC0-301F-11D3-BF4B-00C04F79EFBC}") = "Recipe2", "Chapter2\Recipe2\Recipe2.csproj", "{BC74C1BD-61D0-4272-861F-9E4A9CD5755D}"
EndProject
Project("{FAE04EC0-301F-11D3-BF4B-00C04F79EFBC}") = "Recipe3", "Chapter2\Recipe3\Recipe3.csproj", "{EB20ABCE-5EA6-466D-A39C-0E66629266F2}"
EndProject
Project("{FAE04EC0-301F-11D3-BF4B-00C04F79EFBC}") = "Recipe4", "Chapter2\Recipe4\Recipe4.csproj", "{B48412A2-4DF0-438B-A641-B3FC52F5B628}"
EndProject
Project("{FAE04EC0-301F-11D3-BF4B-00C04F79EFBC}") = "Recipe5", "Chapter2\Recipe5\Recipe5.csproj", "{F9E672CC-BACA-494F-A72C-F01EA4F7EA6E}"
EndProject
Project("{FAE04EC0-301F-11D3-BF4B-00C04F79EFBC}") = "Recipe6", "Chapter2\Recipe6\Recipe6.csproj", "{EDE8160E-E011-4239-8AFD-E9FEB00E2F4A}"
EndProject
Project("{FAE04EC0-301F-11D3-BF4B-00C04F79EFBC}") = "Recipe7", "Chapter2\Recipe7\Recipe7.csproj", "{867B13EF-EF07-4B0A-9FA6-58E4C51AF047}"
EndProject
Project("{FAE04EC0-301F-11D3-BF4B-00C04F79EFBC}") = "Recipe8", "Chapter2\Recipe8\Recipe8.csproj", "{5EE2EDD2-D8ED-4DBF-A49F-245B8F8C79AD}"
EndProject
Project("{FAE04EC0-301F-11D3-BF4B-00C04F79EFBC}") = "Recipe9", "Chapter2\Recipe9\Recipe9.csproj", "{EC8A562F-B2BF-47E8-8CCA-4BA72FE10567}"
EndProject
Project("{2150E333-8FDC-42A3-9474-1A3956D46DE8}") = "Chapter3", "Chapter3", "{4F1F34C9-D15D-44A1-8F0C-F7CF2D8DD3CB}"
EndProject
Project("{FAE04EC0-301F-11D3-BF4B-00C04F79EFBC}") = "Recipe1", "Chapter3\Recipe1\Recipe1.csproj", "{7172700A-BC6A-46E4-9692-422E413587DB}"
EndProject
Project("{FAE04EC0-301F-11D3-BF4B-00C04F79EFBC}") = "Recipe2", "Chapter3\Recipe2\Recipe2.csproj", "{1F16DA84-3207-4971-9A42-F0980950B934}"
EndProject
Project("{FAE04EC0-301F-11D3-BF4B-00C04F79EFBC}") = "Recipe3", "Chapter3\Recipe3\Recipe3.csproj", "{B45DA7D5-B256-43BF-A534-31BA354A4202}"
EndProject
Project("{FAE04EC0-301F-11D3-BF4B-00C04F79EFBC}") = "Recipe4", "Chapter3\Recipe4\Recipe4.csproj", "{0A0EEAF6-BEC8-46FB-923E-DB4BB27E7FF3}"
EndProject
Project("{FAE04EC0-301F-11D3-BF4B-00C04F79EFBC}") = "Recipe5", "Chapter3\Recipe5\Recipe5.csproj", "{277B1DDB-AA69-4321-ADA2-CB1B60F9B6BB}"
EndProject
Project("{FAE04EC0-301F-11D3-BF4B-00C04F79EFBC}") = "Recipe7", "Chapter3\Recipe7\Recipe7.csproj", "{D37E5BE5-DFB0-4CB4-AD20-DD7E3693AF7F}"
EndProject
Project("{FAE04EC0-301F-11D3-BF4B-00C04F79EFBC}") = "Recipe6", "Chapter3\Recipe6\Recipe6.csproj", "{90EEF5D0-AF28-4691-BF27-5637C7D42A1A}"
EndProject
Project("{2150E333-8FDC-42A3-9474-1A3956D46DE8}") = "Chapter4", "Chapter4", "{C05C986C-6C33-4A1E-9FB3-EC8E5B0B4050}"
EndProject
Project("{FAE04EC0-301F-11D3-BF4B-00C04F79EFBC}") = "Recipe1", "Chapter4\Recipe1\Recipe1.csproj", "{9943B982-55AA-483A-B528-2AD86ADC8504}"
EndProject
Project("{FAE04EC0-301F-11D3-BF4B-00C04F79EFBC}") = "Recipe3", "Chapter4\Recipe3\Recipe3.csproj", "{97DD01BD-58EA-4886-9D54-A0959B5FF9C2}"
EndProject
Project("{FAE04EC0-301F-11D3-BF4B-00C04F79EFBC}") = "Recipe2", "Chapter4\Recipe2\Recipe2.csproj", "{9924CDB0-9EF3-43D6-9AFB-60C6707A5166}"
EndProject
Project("{FAE04EC0-301F-11D3-BF4B-00C04F79EFBC}") = "Recipe4", "Chapter4\Recipe4\Recipe4.csproj", "{E43E4423-0627-4855-8DE9-A0BF5B81FDF5}"
EndProject
Project("{FAE04EC0-301F-11D3-BF4B-00C04F79EFBC}") = "Recipe5", "Chapter4\Recipe5\Recipe5.csproj", "{EE1EBD76-7F51-406E-9211-3696661C85B8}"
EndProject
Project("{FAE04EC0-301F-11D3-BF4B-00C04F79EFBC}") = "Recipe6", "Chapter4\Recipe6\Recipe6.csproj", "{5332E560-3A47-424D-9D4B-D8198077C593}"
EndProject
Project("{FAE04EC0-301F-11D3-BF4B-00C04F79EFBC}") = "Recipe7", "Chapter4\Recipe7\Recipe7.csproj", "{067FE95D-38AE-4BAF-91B1-370893647E37}"
EndProject
Project("{FAE04EC0-301F-11D3-BF4B-00C04F79EFBC}") = "Recipe8", "Chapter4\Recipe8\Recipe8.csproj", "{CCDDD0D8-A7E8-43AA-8A1D-436BC790230F}"
EndProject
Project("{FAE04EC0-301F-11D3-BF4B-00C04F79EFBC}") = "Recipe9", "Chapter4\Recipe9\Recipe9.csproj", "{FE857697-3432-48D8-9D09-628C8807F348}"
EndProject
Project("{FAE04EC0-301F-11D3-BF4B-00C04F79EFBC}") = "StudyRecord", "Chapter4\RecipeRepeat\StudyRecord\StudyRecord.csproj", "{E771F26F-E0E1-468C-9297-156E23CFC8F6}"
EndProject
Global
	GlobalSection(SolutionConfigurationPlatforms) = preSolution
		Debug|Any CPU = Debug|Any CPU
		Release|Any CPU = Release|Any CPU
	EndGlobalSection
	GlobalSection(ProjectConfigurationPlatforms) = postSolution
		{19D3AA25-0FCD-4F38-9AE4-A43D60210B9F}.Debug|Any CPU.ActiveCfg = Debug|Any CPU
		{19D3AA25-0FCD-4F38-9AE4-A43D60210B9F}.Debug|Any CPU.Build.0 = Debug|Any CPU
		{19D3AA25-0FCD-4F38-9AE4-A43D60210B9F}.Release|Any CPU.ActiveCfg = Release|Any CPU
		{19D3AA25-0FCD-4F38-9AE4-A43D60210B9F}.Release|Any CPU.Build.0 = Release|Any CPU
		{10AC29F2-86C6-4C08-B8F4-BF599CF8B635}.Debug|Any CPU.ActiveCfg = Debug|Any CPU
		{10AC29F2-86C6-4C08-B8F4-BF599CF8B635}.Debug|Any CPU.Build.0 = Debug|Any CPU
		{10AC29F2-86C6-4C08-B8F4-BF599CF8B635}.Release|Any CPU.ActiveCfg = Release|Any CPU
		{10AC29F2-86C6-4C08-B8F4-BF599CF8B635}.Release|Any CPU.Build.0 = Release|Any CPU
		{65F6FE8B-D72A-43F5-B8AC-C0541124643D}.Debug|Any CPU.ActiveCfg = Debug|Any CPU
		{65F6FE8B-D72A-43F5-B8AC-C0541124643D}.Debug|Any CPU.Build.0 = Debug|Any CPU
		{65F6FE8B-D72A-43F5-B8AC-C0541124643D}.Release|Any CPU.ActiveCfg = Release|Any CPU
		{65F6FE8B-D72A-43F5-B8AC-C0541124643D}.Release|Any CPU.Build.0 = Release|Any CPU
		{1D2730CA-27FA-49C5-9B7F-AB95EF08AB69}.Debug|Any CPU.ActiveCfg = Debug|Any CPU
		{1D2730CA-27FA-49C5-9B7F-AB95EF08AB69}.Debug|Any CPU.Build.0 = Debug|Any CPU
		{1D2730CA-27FA-49C5-9B7F-AB95EF08AB69}.Release|Any CPU.ActiveCfg = Release|Any CPU
		{1D2730CA-27FA-49C5-9B7F-AB95EF08AB69}.Release|Any CPU.Build.0 = Release|Any CPU
		{9D3C3657-E2D0-468B-9425-6AA4E5FA0758}.Debug|Any CPU.ActiveCfg = Debug|Any CPU
		{9D3C3657-E2D0-468B-9425-6AA4E5FA0758}.Debug|Any CPU.Build.0 = Debug|Any CPU
		{9D3C3657-E2D0-468B-9425-6AA4E5FA0758}.Release|Any CPU.ActiveCfg = Release|Any CPU
		{9D3C3657-E2D0-468B-9425-6AA4E5FA0758}.Release|Any CPU.Build.0 = Release|Any CPU
		{D0B44411-22C1-4E21-B0C3-599A269B4BB8}.Debug|Any CPU.ActiveCfg = Debug|Any CPU
		{D0B44411-22C1-4E21-B0C3-599A269B4BB8}.Debug|Any CPU.Build.0 = Debug|Any CPU
		{D0B44411-22C1-4E21-B0C3-599A269B4BB8}.Release|Any CPU.ActiveCfg = Release|Any CPU
		{D0B44411-22C1-4E21-B0C3-599A269B4BB8}.Release|Any CPU.Build.0 = Release|Any CPU
		{CDA0C200-3F89-4250-92F8-C2CF5FE92F1D}.Debug|Any CPU.ActiveCfg = Debug|Any CPU
		{CDA0C200-3F89-4250-92F8-C2CF5FE92F1D}.Debug|Any CPU.Build.0 = Debug|Any CPU
		{CDA0C200-3F89-4250-92F8-C2CF5FE92F1D}.Release|Any CPU.ActiveCfg = Release|Any CPU
		{CDA0C200-3F89-4250-92F8-C2CF5FE92F1D}.Release|Any CPU.Build.0 = Release|Any CPU
		{BDA44D84-C658-42BD-9656-B5D890093DC7}.Debug|Any CPU.ActiveCfg = Debug|Any CPU
		{BDA44D84-C658-42BD-9656-B5D890093DC7}.Debug|Any CPU.Build.0 = Debug|Any CPU
		{BDA44D84-C658-42BD-9656-B5D890093DC7}.Release|Any CPU.ActiveCfg = Release|Any CPU
		{BDA44D84-C658-42BD-9656-B5D890093DC7}.Release|Any CPU.Build.0 = Release|Any CPU
		{880C32CE-1600-4E6F-B571-ED662A77CC5A}.Debug|Any CPU.ActiveCfg = Debug|Any CPU
		{880C32CE-1600-4E6F-B571-ED662A77CC5A}.Debug|Any CPU.Build.0 = Debug|Any CPU
		{880C32CE-1600-4E6F-B571-ED662A77CC5A}.Release|Any CPU.ActiveCfg = Release|Any CPU
		{880C32CE-1600-4E6F-B571-ED662A77CC5A}.Release|Any CPU.Build.0 = Release|Any CPU
		{A2CD1892-E639-4FC5-94F6-3BF36080538D}.Debug|Any CPU.ActiveCfg = Debug|Any CPU
		{A2CD1892-E639-4FC5-94F6-3BF36080538D}.Debug|Any CPU.Build.0 = Debug|Any CPU
		{A2CD1892-E639-4FC5-94F6-3BF36080538D}.Release|Any CPU.ActiveCfg = Release|Any CPU
		{A2CD1892-E639-4FC5-94F6-3BF36080538D}.Release|Any CPU.Build.0 = Release|Any CPU
		{5B0CAF50-7989-499B-908E-451F17EECA20}.Debug|Any CPU.ActiveCfg = Debug|Any CPU
		{5B0CAF50-7989-499B-908E-451F17EECA20}.Debug|Any CPU.Build.0 = Debug|Any CPU
		{5B0CAF50-7989-499B-908E-451F17EECA20}.Release|Any CPU.ActiveCfg = Release|Any CPU
		{5B0CAF50-7989-499B-908E-451F17EECA20}.Release|Any CPU.Build.0 = Release|Any CPU
		{C88B72C5-82FC-43D9-8563-43F8EDA23F29}.Debug|Any CPU.ActiveCfg = Debug|Any CPU
		{C88B72C5-82FC-43D9-8563-43F8EDA23F29}.Debug|Any CPU.Build.0 = Debug|Any CPU
		{C88B72C5-82FC-43D9-8563-43F8EDA23F29}.Release|Any CPU.ActiveCfg = Release|Any CPU
		{C88B72C5-82FC-43D9-8563-43F8EDA23F29}.Release|Any CPU.Build.0 = Release|Any CPU
		{BC74C1BD-61D0-4272-861F-9E4A9CD5755D}.Debug|Any CPU.ActiveCfg = Debug|Any CPU
		{BC74C1BD-61D0-4272-861F-9E4A9CD5755D}.Debug|Any CPU.Build.0 = Debug|Any CPU
		{BC74C1BD-61D0-4272-861F-9E4A9CD5755D}.Release|Any CPU.ActiveCfg = Release|Any CPU
		{BC74C1BD-61D0-4272-861F-9E4A9CD5755D}.Release|Any CPU.Build.0 = Release|Any CPU
		{EB20ABCE-5EA6-466D-A39C-0E66629266F2}.Debug|Any CPU.ActiveCfg = Debug|Any CPU
		{EB20ABCE-5EA6-466D-A39C-0E66629266F2}.Debug|Any CPU.Build.0 = Debug|Any CPU
		{EB20ABCE-5EA6-466D-A39C-0E66629266F2}.Release|Any CPU.ActiveCfg = Release|Any CPU
		{EB20ABCE-5EA6-466D-A39C-0E66629266F2}.Release|Any CPU.Build.0 = Release|Any CPU
		{B48412A2-4DF0-438B-A641-B3FC52F5B628}.Debug|Any CPU.ActiveCfg = Debug|Any CPU
		{B48412A2-4DF0-438B-A641-B3FC52F5B628}.Debug|Any CPU.Build.0 = Debug|Any CPU
		{B48412A2-4DF0-438B-A641-B3FC52F5B628}.Release|Any CPU.ActiveCfg = Release|Any CPU
		{B48412A2-4DF0-438B-A641-B3FC52F5B628}.Release|Any CPU.Build.0 = Release|Any CPU
		{F9E672CC-BACA-494F-A72C-F01EA4F7EA6E}.Debug|Any CPU.ActiveCfg = Debug|Any CPU
		{F9E672CC-BACA-494F-A72C-F01EA4F7EA6E}.Debug|Any CPU.Build.0 = Debug|Any CPU
		{F9E672CC-BACA-494F-A72C-F01EA4F7EA6E}.Release|Any CPU.ActiveCfg = Release|Any CPU
		{F9E672CC-BACA-494F-A72C-F01EA4F7EA6E}.Release|Any CPU.Build.0 = Release|Any CPU
		{EDE8160E-E011-4239-8AFD-E9FEB00E2F4A}.Debug|Any CPU.ActiveCfg = Debug|Any CPU
		{EDE8160E-E011-4239-8AFD-E9FEB00E2F4A}.Debug|Any CPU.Build.0 = Debug|Any CPU
		{EDE8160E-E011-4239-8AFD-E9FEB00E2F4A}.Release|Any CPU.ActiveCfg = Release|Any CPU
		{EDE8160E-E011-4239-8AFD-E9FEB00E2F4A}.Release|Any CPU.Build.0 = Release|Any CPU
		{867B13EF-EF07-4B0A-9FA6-58E4C51AF047}.Debug|Any CPU.ActiveCfg = Debug|Any CPU
		{867B13EF-EF07-4B0A-9FA6-58E4C51AF047}.Debug|Any CPU.Build.0 = Debug|Any CPU
		{867B13EF-EF07-4B0A-9FA6-58E4C51AF047}.Release|Any CPU.ActiveCfg = Release|Any CPU
		{867B13EF-EF07-4B0A-9FA6-58E4C51AF047}.Release|Any CPU.Build.0 = Release|Any CPU
		{5EE2EDD2-D8ED-4DBF-A49F-245B8F8C79AD}.Debug|Any CPU.ActiveCfg = Debug|Any CPU
		{5EE2EDD2-D8ED-4DBF-A49F-245B8F8C79AD}.Debug|Any CPU.Build.0 = Debug|Any CPU
		{5EE2EDD2-D8ED-4DBF-A49F-245B8F8C79AD}.Release|Any CPU.ActiveCfg = Release|Any CPU
		{5EE2EDD2-D8ED-4DBF-A49F-245B8F8C79AD}.Release|Any CPU.Build.0 = Release|Any CPU
		{EC8A562F-B2BF-47E8-8CCA-4BA72FE10567}.Debug|Any CPU.ActiveCfg = Debug|Any CPU
		{EC8A562F-B2BF-47E8-8CCA-4BA72FE10567}.Debug|Any CPU.Build.0 = Debug|Any CPU
		{EC8A562F-B2BF-47E8-8CCA-4BA72FE10567}.Release|Any CPU.ActiveCfg = Release|Any CPU
		{EC8A562F-B2BF-47E8-8CCA-4BA72FE10567}.Release|Any CPU.Build.0 = Release|Any CPU
		{7172700A-BC6A-46E4-9692-422E413587DB}.Debug|Any CPU.ActiveCfg = Debug|Any CPU
		{7172700A-BC6A-46E4-9692-422E413587DB}.Debug|Any CPU.Build.0 = Debug|Any CPU
		{7172700A-BC6A-46E4-9692-422E413587DB}.Release|Any CPU.ActiveCfg = Release|Any CPU
		{7172700A-BC6A-46E4-9692-422E413587DB}.Release|Any CPU.Build.0 = Release|Any CPU
		{1F16DA84-3207-4971-9A42-F0980950B934}.Debug|Any CPU.ActiveCfg = Debug|Any CPU
		{1F16DA84-3207-4971-9A42-F0980950B934}.Debug|Any CPU.Build.0 = Debug|Any CPU
		{1F16DA84-3207-4971-9A42-F0980950B934}.Release|Any CPU.ActiveCfg = Release|Any CPU
		{1F16DA84-3207-4971-9A42-F0980950B934}.Release|Any CPU.Build.0 = Release|Any CPU
		{B45DA7D5-B256-43BF-A534-31BA354A4202}.Debug|Any CPU.ActiveCfg = Debug|Any CPU
		{B45DA7D5-B256-43BF-A534-31BA354A4202}.Debug|Any CPU.Build.0 = Debug|Any CPU
		{B45DA7D5-B256-43BF-A534-31BA354A4202}.Release|Any CPU.ActiveCfg = Release|Any CPU
		{B45DA7D5-B256-43BF-A534-31BA354A4202}.Release|Any CPU.Build.0 = Release|Any CPU
		{0A0EEAF6-BEC8-46FB-923E-DB4BB27E7FF3}.Debug|Any CPU.ActiveCfg = Debug|Any CPU
		{0A0EEAF6-BEC8-46FB-923E-DB4BB27E7FF3}.Debug|Any CPU.Build.0 = Debug|Any CPU
		{0A0EEAF6-BEC8-46FB-923E-DB4BB27E7FF3}.Release|Any CPU.ActiveCfg = Release|Any CPU
		{0A0EEAF6-BEC8-46FB-923E-DB4BB27E7FF3}.Release|Any CPU.Build.0 = Release|Any CPU
		{277B1DDB-AA69-4321-ADA2-CB1B60F9B6BB}.Debug|Any CPU.ActiveCfg = Debug|Any CPU
		{277B1DDB-AA69-4321-ADA2-CB1B60F9B6BB}.Debug|Any CPU.Build.0 = Debug|Any CPU
		{277B1DDB-AA69-4321-ADA2-CB1B60F9B6BB}.Release|Any CPU.ActiveCfg = Release|Any CPU
		{277B1DDB-AA69-4321-ADA2-CB1B60F9B6BB}.Release|Any CPU.Build.0 = Release|Any CPU
		{D37E5BE5-DFB0-4CB4-AD20-DD7E3693AF7F}.Debug|Any CPU.ActiveCfg = Debug|Any CPU
		{D37E5BE5-DFB0-4CB4-AD20-DD7E3693AF7F}.Debug|Any CPU.Build.0 = Debug|Any CPU
		{D37E5BE5-DFB0-4CB4-AD20-DD7E3693AF7F}.Release|Any CPU.ActiveCfg = Release|Any CPU
		{D37E5BE5-DFB0-4CB4-AD20-DD7E3693AF7F}.Release|Any CPU.Build.0 = Release|Any CPU
		{90EEF5D0-AF28-4691-BF27-5637C7D42A1A}.Debug|Any CPU.ActiveCfg = Debug|Any CPU
		{90EEF5D0-AF28-4691-BF27-5637C7D42A1A}.Debug|Any CPU.Build.0 = Debug|Any CPU
		{90EEF5D0-AF28-4691-BF27-5637C7D42A1A}.Release|Any CPU.ActiveCfg = Release|Any CPU
		{90EEF5D0-AF28-4691-BF27-5637C7D42A1A}.Release|Any CPU.Build.0 = Release|Any CPU
		{9943B982-55AA-483A-B528-2AD86ADC8504}.Debug|Any CPU.ActiveCfg = Debug|Any CPU
		{9943B982-55AA-483A-B528-2AD86ADC8504}.Debug|Any CPU.Build.0 = Debug|Any CPU
		{9943B982-55AA-483A-B528-2AD86ADC8504}.Release|Any CPU.ActiveCfg = Release|Any CPU
		{9943B982-55AA-483A-B528-2AD86ADC8504}.Release|Any CPU.Build.0 = Release|Any CPU
		{97DD01BD-58EA-4886-9D54-A0959B5FF9C2}.Debug|Any CPU.ActiveCfg = Debug|Any CPU
		{97DD01BD-58EA-4886-9D54-A0959B5FF9C2}.Debug|Any CPU.Build.0 = Debug|Any CPU
		{97DD01BD-58EA-4886-9D54-A0959B5FF9C2}.Release|Any CPU.ActiveCfg = Release|Any CPU
		{97DD01BD-58EA-4886-9D54-A0959B5FF9C2}.Release|Any CPU.Build.0 = Release|Any CPU
		{9924CDB0-9EF3-43D6-9AFB-60C6707A5166}.Debug|Any CPU.ActiveCfg = Debug|Any CPU
		{9924CDB0-9EF3-43D6-9AFB-60C6707A5166}.Debug|Any CPU.Build.0 = Debug|Any CPU
		{9924CDB0-9EF3-43D6-9AFB-60C6707A5166}.Release|Any CPU.ActiveCfg = Release|Any CPU
		{9924CDB0-9EF3-43D6-9AFB-60C6707A5166}.Release|Any CPU.Build.0 = Release|Any CPU
		{E43E4423-0627-4855-8DE9-A0BF5B81FDF5}.Debug|Any CPU.ActiveCfg = Debug|Any CPU
		{E43E4423-0627-4855-8DE9-A0BF5B81FDF5}.Debug|Any CPU.Build.0 = Debug|Any CPU
		{E43E4423-0627-4855-8DE9-A0BF5B81FDF5}.Release|Any CPU.ActiveCfg = Release|Any CPU
		{E43E4423-0627-4855-8DE9-A0BF5B81FDF5}.Release|Any CPU.Build.0 = Release|Any CPU
		{EE1EBD76-7F51-406E-9211-3696661C85B8}.Debug|Any CPU.ActiveCfg = Debug|Any CPU
		{EE1EBD76-7F51-406E-9211-3696661C85B8}.Debug|Any CPU.Build.0 = Debug|Any CPU
		{EE1EBD76-7F51-406E-9211-3696661C85B8}.Release|Any CPU.ActiveCfg = Release|Any CPU
		{EE1EBD76-7F51-406E-9211-3696661C85B8}.Release|Any CPU.Build.0 = Release|Any CPU
		{5332E560-3A47-424D-9D4B-D8198077C593}.Debug|Any CPU.ActiveCfg = Debug|Any CPU
		{5332E560-3A47-424D-9D4B-D8198077C593}.Debug|Any CPU.Build.0 = Debug|Any CPU
		{5332E560-3A47-424D-9D4B-D8198077C593}.Release|Any CPU.ActiveCfg = Release|Any CPU
		{5332E560-3A47-424D-9D4B-D8198077C593}.Release|Any CPU.Build.0 = Release|Any CPU
		{067FE95D-38AE-4BAF-91B1-370893647E37}.Debug|Any CPU.ActiveCfg = Debug|Any CPU
		{067FE95D-38AE-4BAF-91B1-370893647E37}.Debug|Any CPU.Build.0 = Debug|Any CPU
		{067FE95D-38AE-4BAF-91B1-370893647E37}.Release|Any CPU.ActiveCfg = Release|Any CPU
		{067FE95D-38AE-4BAF-91B1-370893647E37}.Release|Any CPU.Build.0 = Release|Any CPU
		{CCDDD0D8-A7E8-43AA-8A1D-436BC790230F}.Debug|Any CPU.ActiveCfg = Debug|Any CPU
		{CCDDD0D8-A7E8-43AA-8A1D-436BC790230F}.Debug|Any CPU.Build.0 = Debug|Any CPU
		{CCDDD0D8-A7E8-43AA-8A1D-436BC790230F}.Release|Any CPU.ActiveCfg = Release|Any CPU
		{CCDDD0D8-A7E8-43AA-8A1D-436BC790230F}.Release|Any CPU.Build.0 = Release|Any CPU
		{FE857697-3432-48D8-9D09-628C8807F348}.Debug|Any CPU.ActiveCfg = Debug|Any CPU
		{FE857697-3432-48D8-9D09-628C8807F348}.Debug|Any CPU.Build.0 = Debug|Any CPU
		{FE857697-3432-48D8-9D09-628C8807F348}.Release|Any CPU.ActiveCfg = Release|Any CPU
		{FE857697-3432-48D8-9D09-628C8807F348}.Release|Any CPU.Build.0 = Release|Any CPU
		{E771F26F-E0E1-468C-9297-156E23CFC8F6}.Debug|Any CPU.ActiveCfg = Debug|Any CPU
		{E771F26F-E0E1-468C-9297-156E23CFC8F6}.Debug|Any CPU.Build.0 = Debug|Any CPU
		{E771F26F-E0E1-468C-9297-156E23CFC8F6}.Release|Any CPU.ActiveCfg = Release|Any CPU
		{E771F26F-E0E1-468C-9297-156E23CFC8F6}.Release|Any CPU.Build.0 = Release|Any CPU
	EndGlobalSection
	GlobalSection(SolutionProperties) = preSolution
		HideSolutionNode = FALSE
	EndGlobalSection
	GlobalSection(NestedProjects) = preSolution
		{19D3AA25-0FCD-4F38-9AE4-A43D60210B9F} = {CF0E0E67-DCAD-4CD8-93E7-B2138E7D6E1D}
		{10AC29F2-86C6-4C08-B8F4-BF599CF8B635} = {CF0E0E67-DCAD-4CD8-93E7-B2138E7D6E1D}
		{65F6FE8B-D72A-43F5-B8AC-C0541124643D} = {CF0E0E67-DCAD-4CD8-93E7-B2138E7D6E1D}
		{1D2730CA-27FA-49C5-9B7F-AB95EF08AB69} = {CF0E0E67-DCAD-4CD8-93E7-B2138E7D6E1D}
		{9D3C3657-E2D0-468B-9425-6AA4E5FA0758} = {CF0E0E67-DCAD-4CD8-93E7-B2138E7D6E1D}
		{D0B44411-22C1-4E21-B0C3-599A269B4BB8} = {CF0E0E67-DCAD-4CD8-93E7-B2138E7D6E1D}
		{CDA0C200-3F89-4250-92F8-C2CF5FE92F1D} = {CF0E0E67-DCAD-4CD8-93E7-B2138E7D6E1D}
		{BDA44D84-C658-42BD-9656-B5D890093DC7} = {CF0E0E67-DCAD-4CD8-93E7-B2138E7D6E1D}
		{880C32CE-1600-4E6F-B571-ED662A77CC5A} = {CF0E0E67-DCAD-4CD8-93E7-B2138E7D6E1D}
		{A2CD1892-E639-4FC5-94F6-3BF36080538D} = {CF0E0E67-DCAD-4CD8-93E7-B2138E7D6E1D}
		{5B0CAF50-7989-499B-908E-451F17EECA20} = {CF0E0E67-DCAD-4CD8-93E7-B2138E7D6E1D}
		{C88B72C5-82FC-43D9-8563-43F8EDA23F29} = {6B787275-FCE2-414E-8997-9EB55A789DDD}
		{BC74C1BD-61D0-4272-861F-9E4A9CD5755D} = {6B787275-FCE2-414E-8997-9EB55A789DDD}
		{EB20ABCE-5EA6-466D-A39C-0E66629266F2} = {6B787275-FCE2-414E-8997-9EB55A789DDD}
		{B48412A2-4DF0-438B-A641-B3FC52F5B628} = {6B787275-FCE2-414E-8997-9EB55A789DDD}
		{F9E672CC-BACA-494F-A72C-F01EA4F7EA6E} = {6B787275-FCE2-414E-8997-9EB55A789DDD}
		{EDE8160E-E011-4239-8AFD-E9FEB00E2F4A} = {6B787275-FCE2-414E-8997-9EB55A789DDD}
		{867B13EF-EF07-4B0A-9FA6-58E4C51AF047} = {6B787275-FCE2-414E-8997-9EB55A789DDD}
		{5EE2EDD2-D8ED-4DBF-A49F-245B8F8C79AD} = {6B787275-FCE2-414E-8997-9EB55A789DDD}
		{EC8A562F-B2BF-47E8-8CCA-4BA72FE10567} = {6B787275-FCE2-414E-8997-9EB55A789DDD}
		{7172700A-BC6A-46E4-9692-422E413587DB} = {4F1F34C9-D15D-44A1-8F0C-F7CF2D8DD3CB}
		{1F16DA84-3207-4971-9A42-F0980950B934} = {4F1F34C9-D15D-44A1-8F0C-F7CF2D8DD3CB}
		{B45DA7D5-B256-43BF-A534-31BA354A4202} = {4F1F34C9-D15D-44A1-8F0C-F7CF2D8DD3CB}
		{0A0EEAF6-BEC8-46FB-923E-DB4BB27E7FF3} = {4F1F34C9-D15D-44A1-8F0C-F7CF2D8DD3CB}
		{277B1DDB-AA69-4321-ADA2-CB1B60F9B6BB} = {4F1F34C9-D15D-44A1-8F0C-F7CF2D8DD3CB}
		{D37E5BE5-DFB0-4CB4-AD20-DD7E3693AF7F} = {4F1F34C9-D15D-44A1-8F0C-F7CF2D8DD3CB}
		{90EEF5D0-AF28-4691-BF27-5637C7D42A1A} = {4F1F34C9-D15D-44A1-8F0C-F7CF2D8DD3CB}
		{9943B982-55AA-483A-B528-2AD86ADC8504} = {C05C986C-6C33-4A1E-9FB3-EC8E5B0B4050}
		{97DD01BD-58EA-4886-9D54-A0959B5FF9C2} = {C05C986C-6C33-4A1E-9FB3-EC8E5B0B4050}
		{9924CDB0-9EF3-43D6-9AFB-60C6707A5166} = {C05C986C-6C33-4A1E-9FB3-EC8E5B0B4050}
		{E43E4423-0627-4855-8DE9-A0BF5B81FDF5} = {C05C986C-6C33-4A1E-9FB3-EC8E5B0B4050}
		{EE1EBD76-7F51-406E-9211-3696661C85B8} = {C05C986C-6C33-4A1E-9FB3-EC8E5B0B4050}
		{5332E560-3A47-424D-9D4B-D8198077C593} = {C05C986C-6C33-4A1E-9FB3-EC8E5B0B4050}
		{067FE95D-38AE-4BAF-91B1-370893647E37} = {C05C986C-6C33-4A1E-9FB3-EC8E5B0B4050}
		{CCDDD0D8-A7E8-43AA-8A1D-436BC790230F} = {C05C986C-6C33-4A1E-9FB3-EC8E5B0B4050}
		{FE857697-3432-48D8-9D09-628C8807F348} = {C05C986C-6C33-4A1E-9FB3-EC8E5B0B4050}
		{E771F26F-E0E1-468C-9297-156E23CFC8F6} = {C05C986C-6C33-4A1E-9FB3-EC8E5B0B4050}
	EndGlobalSection
	GlobalSection(ExtensibilityGlobals) = postSolution
		SolutionGuid = {9DBFCF9D-2A0F-410A-AA85-E780CEDDD477}
	EndGlobalSection
EndGlobal
