
Microsoft Visual Studio Solution File, Format Version 11.00
# Visual Studio 2010
Project("{FAE04EC0-301F-11D3-BF4B-00C04F79EFBC}") = "Assembly-CSharp", "Assembly-CSharp.csproj", "{22bc2181-0b1b-49c3-8d1a-46ed91c50f57}"
EndProject
Project("{FAE04EC0-301F-11D3-BF4B-00C04F79EFBC}") = "Assembly-CSharp-firstpass", "Assembly-CSharp-firstpass.csproj", "{6511b5b1-e714-cc29-9b37-9b6ec10457f0}"
EndProject
Project("{FAE04EC0-301F-11D3-BF4B-00C04F79EFBC}") = "QFramework.JsonSerialize", "QFramework.JsonSerialize.csproj", "{af7c9ef5-9da1-b1c8-46bf-bd112ecf5a2c}"
EndProject
Project("{FAE04EC0-301F-11D3-BF4B-00C04F79EFBC}") = "QFramework.Factory", "QFramework.Factory.csproj", "{c1aefb71-b5b1-d2d7-173b-7592bd7ca659}"
EndProject
Project("{FAE04EC0-301F-11D3-BF4B-00C04F79EFBC}") = "QFramework.Zip", "QFramework.Zip.csproj", "{c5626d4b-44fe-41e8-d85e-f1a9df940d63}"
EndProject
Project("{FAE04EC0-301F-11D3-BF4B-00C04F79EFBC}") = "QFramework.Architecture", "QFramework.Architecture.csproj", "{c9ca11c5-6fab-c055-cbf3-cf20f44c3201}"
EndProject
Project("{FAE04EC0-301F-11D3-BF4B-00C04F79EFBC}") = "QFramework.ResKit", "QFramework.ResKit.csproj", "{ea718c6c-4af9-1ad3-3819-63ac38c75d64}"
EndProject
Project("{FAE04EC0-301F-11D3-BF4B-00C04F79EFBC}") = "QFramework.CSharpExtension", "QFramework.CSharpExtension.csproj", "{da6ca63d-a165-3050-9e24-deb11a1674c1}"
EndProject
Project("{FAE04EC0-301F-11D3-BF4B-00C04F79EFBC}") = "QFramework.Disposable", "QFramework.Disposable.csproj", "{1f9dce12-1c3e-a87c-2800-a9cc84b16089}"
EndProject
Project("{FAE04EC0-301F-11D3-BF4B-00C04F79EFBC}") = "QFramework.RefCounter", "QFramework.RefCounter.csproj", "{30ccbd06-c4ac-7b2d-9631-9e6070c7b8e6}"
EndProject
Project("{FAE04EC0-301F-11D3-BF4B-00C04F79EFBC}") = "QFramework.Singleton", "QFramework.Singleton.csproj", "{cdca24ab-64ba-2f11-ed07-ccd7dad36d0e}"
EndProject
Project("{FAE04EC0-301F-11D3-BF4B-00C04F79EFBC}") = "QFramework.Table", "QFramework.Table.csproj", "{7c8eacd8-f81e-1b13-a455-2efe69977a03}"
EndProject
Project("{FAE04EC0-301F-11D3-BF4B-00C04F79EFBC}") = "QFramework.Pool", "QFramework.Pool.csproj", "{c6d0e106-4ddf-fbf2-0a7d-f498856f2004}"
EndProject
Project("{FAE04EC0-301F-11D3-BF4B-00C04F79EFBC}") = "QFramework.FSM", "QFramework.FSM.csproj", "{1a1e36bf-a235-06a5-f5cb-92315ab30209}"
EndProject
Project("{FAE04EC0-301F-11D3-BF4B-00C04F79EFBC}") = "QFramework.TypeEventSystem", "QFramework.TypeEventSystem.csproj", "{5a11e765-f42b-c6d9-a5ee-fbd642af89f5}"
EndProject
Project("{FAE04EC0-301F-11D3-BF4B-00C04F79EFBC}") = "QFramework.BinarySerializer", "QFramework.BinarySerializer.csproj", "{05c8e119-fe12-cafb-54fb-5c28c1be438f}"
EndProject
Project("{FAE04EC0-301F-11D3-BF4B-00C04F79EFBC}") = "QFramework.BindableProperty", "QFramework.BindableProperty.csproj", "{d765dde1-aa46-29d3-3641-2df27e166706}"
EndProject
Project("{FAE04EC0-301F-11D3-BF4B-00C04F79EFBC}") = "QFramework.Device", "QFramework.Device.csproj", "{39a5bbee-4211-6aa9-95d6-7081f93215db}"
EndProject
Project("{FAE04EC0-301F-11D3-BF4B-00C04F79EFBC}") = "QFramework.IOC", "QFramework.IOC.csproj", "{ec2efa24-f657-3af6-6284-88f9ed56cd85}"
EndProject
Project("{FAE04EC0-301F-11D3-BF4B-00C04F79EFBC}") = "Assembly-CSharp-Editor-firstpass", "Assembly-CSharp-Editor-firstpass.csproj", "{a7e31667-0075-f81e-5c9d-aedf89bcc04c}"
EndProject
Project("{FAE04EC0-301F-11D3-BF4B-00C04F79EFBC}") = "Assembly-CSharp-Editor", "Assembly-CSharp-Editor.csproj", "{1a257a36-dade-b7f8-7195-a839f3c6ede7}"
EndProject
Global
	GlobalSection(SolutionConfigurationPlatforms) = preSolution
		Debug|Any CPU = Debug|Any CPU
		Release|Any CPU = Release|Any CPU
	EndGlobalSection
	GlobalSection(ProjectConfigurationPlatforms) = postSolution
		{22bc2181-0b1b-49c3-8d1a-46ed91c50f57}.Debug|Any CPU.ActiveCfg = Debug|Any CPU
		{22bc2181-0b1b-49c3-8d1a-46ed91c50f57}.Debug|Any CPU.Build.0 = Debug|Any CPU
		{22bc2181-0b1b-49c3-8d1a-46ed91c50f57}.Release|Any CPU.ActiveCfg = Release|Any CPU
		{22bc2181-0b1b-49c3-8d1a-46ed91c50f57}.Release|Any CPU.Build.0 = Release|Any CPU
		{6511b5b1-e714-cc29-9b37-9b6ec10457f0}.Debug|Any CPU.ActiveCfg = Debug|Any CPU
		{6511b5b1-e714-cc29-9b37-9b6ec10457f0}.Debug|Any CPU.Build.0 = Debug|Any CPU
		{6511b5b1-e714-cc29-9b37-9b6ec10457f0}.Release|Any CPU.ActiveCfg = Release|Any CPU
		{6511b5b1-e714-cc29-9b37-9b6ec10457f0}.Release|Any CPU.Build.0 = Release|Any CPU
		{af7c9ef5-9da1-b1c8-46bf-bd112ecf5a2c}.Debug|Any CPU.ActiveCfg = Debug|Any CPU
		{af7c9ef5-9da1-b1c8-46bf-bd112ecf5a2c}.Debug|Any CPU.Build.0 = Debug|Any CPU
		{af7c9ef5-9da1-b1c8-46bf-bd112ecf5a2c}.Release|Any CPU.ActiveCfg = Release|Any CPU
		{af7c9ef5-9da1-b1c8-46bf-bd112ecf5a2c}.Release|Any CPU.Build.0 = Release|Any CPU
		{c1aefb71-b5b1-d2d7-173b-7592bd7ca659}.Debug|Any CPU.ActiveCfg = Debug|Any CPU
		{c1aefb71-b5b1-d2d7-173b-7592bd7ca659}.Debug|Any CPU.Build.0 = Debug|Any CPU
		{c1aefb71-b5b1-d2d7-173b-7592bd7ca659}.Release|Any CPU.ActiveCfg = Release|Any CPU
		{c1aefb71-b5b1-d2d7-173b-7592bd7ca659}.Release|Any CPU.Build.0 = Release|Any CPU
		{c5626d4b-44fe-41e8-d85e-f1a9df940d63}.Debug|Any CPU.ActiveCfg = Debug|Any CPU
		{c5626d4b-44fe-41e8-d85e-f1a9df940d63}.Debug|Any CPU.Build.0 = Debug|Any CPU
		{c5626d4b-44fe-41e8-d85e-f1a9df940d63}.Release|Any CPU.ActiveCfg = Release|Any CPU
		{c5626d4b-44fe-41e8-d85e-f1a9df940d63}.Release|Any CPU.Build.0 = Release|Any CPU
		{c9ca11c5-6fab-c055-cbf3-cf20f44c3201}.Debug|Any CPU.ActiveCfg = Debug|Any CPU
		{c9ca11c5-6fab-c055-cbf3-cf20f44c3201}.Debug|Any CPU.Build.0 = Debug|Any CPU
		{c9ca11c5-6fab-c055-cbf3-cf20f44c3201}.Release|Any CPU.ActiveCfg = Release|Any CPU
		{c9ca11c5-6fab-c055-cbf3-cf20f44c3201}.Release|Any CPU.Build.0 = Release|Any CPU
		{ea718c6c-4af9-1ad3-3819-63ac38c75d64}.Debug|Any CPU.ActiveCfg = Debug|Any CPU
		{ea718c6c-4af9-1ad3-3819-63ac38c75d64}.Debug|Any CPU.Build.0 = Debug|Any CPU
		{ea718c6c-4af9-1ad3-3819-63ac38c75d64}.Release|Any CPU.ActiveCfg = Release|Any CPU
		{ea718c6c-4af9-1ad3-3819-63ac38c75d64}.Release|Any CPU.Build.0 = Release|Any CPU
		{da6ca63d-a165-3050-9e24-deb11a1674c1}.Debug|Any CPU.ActiveCfg = Debug|Any CPU
		{da6ca63d-a165-3050-9e24-deb11a1674c1}.Debug|Any CPU.Build.0 = Debug|Any CPU
		{da6ca63d-a165-3050-9e24-deb11a1674c1}.Release|Any CPU.ActiveCfg = Release|Any CPU
		{da6ca63d-a165-3050-9e24-deb11a1674c1}.Release|Any CPU.Build.0 = Release|Any CPU
		{1f9dce12-1c3e-a87c-2800-a9cc84b16089}.Debug|Any CPU.ActiveCfg = Debug|Any CPU
		{1f9dce12-1c3e-a87c-2800-a9cc84b16089}.Debug|Any CPU.Build.0 = Debug|Any CPU
		{1f9dce12-1c3e-a87c-2800-a9cc84b16089}.Release|Any CPU.ActiveCfg = Release|Any CPU
		{1f9dce12-1c3e-a87c-2800-a9cc84b16089}.Release|Any CPU.Build.0 = Release|Any CPU
		{30ccbd06-c4ac-7b2d-9631-9e6070c7b8e6}.Debug|Any CPU.ActiveCfg = Debug|Any CPU
		{30ccbd06-c4ac-7b2d-9631-9e6070c7b8e6}.Debug|Any CPU.Build.0 = Debug|Any CPU
		{30ccbd06-c4ac-7b2d-9631-9e6070c7b8e6}.Release|Any CPU.ActiveCfg = Release|Any CPU
		{30ccbd06-c4ac-7b2d-9631-9e6070c7b8e6}.Release|Any CPU.Build.0 = Release|Any CPU
		{cdca24ab-64ba-2f11-ed07-ccd7dad36d0e}.Debug|Any CPU.ActiveCfg = Debug|Any CPU
		{cdca24ab-64ba-2f11-ed07-ccd7dad36d0e}.Debug|Any CPU.Build.0 = Debug|Any CPU
		{cdca24ab-64ba-2f11-ed07-ccd7dad36d0e}.Release|Any CPU.ActiveCfg = Release|Any CPU
		{cdca24ab-64ba-2f11-ed07-ccd7dad36d0e}.Release|Any CPU.Build.0 = Release|Any CPU
		{7c8eacd8-f81e-1b13-a455-2efe69977a03}.Debug|Any CPU.ActiveCfg = Debug|Any CPU
		{7c8eacd8-f81e-1b13-a455-2efe69977a03}.Debug|Any CPU.Build.0 = Debug|Any CPU
		{7c8eacd8-f81e-1b13-a455-2efe69977a03}.Release|Any CPU.ActiveCfg = Release|Any CPU
		{7c8eacd8-f81e-1b13-a455-2efe69977a03}.Release|Any CPU.Build.0 = Release|Any CPU
		{c6d0e106-4ddf-fbf2-0a7d-f498856f2004}.Debug|Any CPU.ActiveCfg = Debug|Any CPU
		{c6d0e106-4ddf-fbf2-0a7d-f498856f2004}.Debug|Any CPU.Build.0 = Debug|Any CPU
		{c6d0e106-4ddf-fbf2-0a7d-f498856f2004}.Release|Any CPU.ActiveCfg = Release|Any CPU
		{c6d0e106-4ddf-fbf2-0a7d-f498856f2004}.Release|Any CPU.Build.0 = Release|Any CPU
		{1a1e36bf-a235-06a5-f5cb-92315ab30209}.Debug|Any CPU.ActiveCfg = Debug|Any CPU
		{1a1e36bf-a235-06a5-f5cb-92315ab30209}.Debug|Any CPU.Build.0 = Debug|Any CPU
		{1a1e36bf-a235-06a5-f5cb-92315ab30209}.Release|Any CPU.ActiveCfg = Release|Any CPU
		{1a1e36bf-a235-06a5-f5cb-92315ab30209}.Release|Any CPU.Build.0 = Release|Any CPU
		{5a11e765-f42b-c6d9-a5ee-fbd642af89f5}.Debug|Any CPU.ActiveCfg = Debug|Any CPU
		{5a11e765-f42b-c6d9-a5ee-fbd642af89f5}.Debug|Any CPU.Build.0 = Debug|Any CPU
		{5a11e765-f42b-c6d9-a5ee-fbd642af89f5}.Release|Any CPU.ActiveCfg = Release|Any CPU
		{5a11e765-f42b-c6d9-a5ee-fbd642af89f5}.Release|Any CPU.Build.0 = Release|Any CPU
		{05c8e119-fe12-cafb-54fb-5c28c1be438f}.Debug|Any CPU.ActiveCfg = Debug|Any CPU
		{05c8e119-fe12-cafb-54fb-5c28c1be438f}.Debug|Any CPU.Build.0 = Debug|Any CPU
		{05c8e119-fe12-cafb-54fb-5c28c1be438f}.Release|Any CPU.ActiveCfg = Release|Any CPU
		{05c8e119-fe12-cafb-54fb-5c28c1be438f}.Release|Any CPU.Build.0 = Release|Any CPU
		{d765dde1-aa46-29d3-3641-2df27e166706}.Debug|Any CPU.ActiveCfg = Debug|Any CPU
		{d765dde1-aa46-29d3-3641-2df27e166706}.Debug|Any CPU.Build.0 = Debug|Any CPU
		{d765dde1-aa46-29d3-3641-2df27e166706}.Release|Any CPU.ActiveCfg = Release|Any CPU
		{d765dde1-aa46-29d3-3641-2df27e166706}.Release|Any CPU.Build.0 = Release|Any CPU
		{39a5bbee-4211-6aa9-95d6-7081f93215db}.Debug|Any CPU.ActiveCfg = Debug|Any CPU
		{39a5bbee-4211-6aa9-95d6-7081f93215db}.Debug|Any CPU.Build.0 = Debug|Any CPU
		{39a5bbee-4211-6aa9-95d6-7081f93215db}.Release|Any CPU.ActiveCfg = Release|Any CPU
		{39a5bbee-4211-6aa9-95d6-7081f93215db}.Release|Any CPU.Build.0 = Release|Any CPU
		{ec2efa24-f657-3af6-6284-88f9ed56cd85}.Debug|Any CPU.ActiveCfg = Debug|Any CPU
		{ec2efa24-f657-3af6-6284-88f9ed56cd85}.Debug|Any CPU.Build.0 = Debug|Any CPU
		{ec2efa24-f657-3af6-6284-88f9ed56cd85}.Release|Any CPU.ActiveCfg = Release|Any CPU
		{ec2efa24-f657-3af6-6284-88f9ed56cd85}.Release|Any CPU.Build.0 = Release|Any CPU
		{a7e31667-0075-f81e-5c9d-aedf89bcc04c}.Debug|Any CPU.ActiveCfg = Debug|Any CPU
		{a7e31667-0075-f81e-5c9d-aedf89bcc04c}.Debug|Any CPU.Build.0 = Debug|Any CPU
		{a7e31667-0075-f81e-5c9d-aedf89bcc04c}.Release|Any CPU.ActiveCfg = Release|Any CPU
		{a7e31667-0075-f81e-5c9d-aedf89bcc04c}.Release|Any CPU.Build.0 = Release|Any CPU
		{1a257a36-dade-b7f8-7195-a839f3c6ede7}.Debug|Any CPU.ActiveCfg = Debug|Any CPU
		{1a257a36-dade-b7f8-7195-a839f3c6ede7}.Debug|Any CPU.Build.0 = Debug|Any CPU
		{1a257a36-dade-b7f8-7195-a839f3c6ede7}.Release|Any CPU.ActiveCfg = Release|Any CPU
		{1a257a36-dade-b7f8-7195-a839f3c6ede7}.Release|Any CPU.Build.0 = Release|Any CPU
	EndGlobalSection
	GlobalSection(SolutionProperties) = preSolution
		HideSolutionNode = FALSE
	EndGlobalSection
EndGlobal
